
Microsoft Visual Studio Solution File, Format Version 12.00
# Visual Studio Version 17
VisualStudioVersion = 17.4.33110.190
MinimumVisualStudioVersion = 10.0.40219.1
Project("{9A19103F-16F7-4668-BE54-9A1E7A4F7556}") = "BLL_BuisnessLogicLayer", "..\BuisnessLogicLayer\BLL_BuisnessLogicLayer.csproj", "{E8BCF60C-E96E-45C9-906C-9CE5BBCD7FF6}"
	ProjectSection(ProjectDependencies) = postProject
		{13335A37-E620-432E-99D0-289C0ED4C5E1} = {13335A37-E620-432E-99D0-289C0ED4C5E1}
	EndProjectSection
EndProject
Project("{9A19103F-16F7-4668-BE54-9A1E7A4F7556}") = "DAL_DataAccessLayer", "..\DataAccessLayer\DAL_DataAccessLayer.csproj", "{37683526-B9D5-49A1-BD7D-A4606D77861E}"
	ProjectSection(ProjectDependencies) = postProject
		{13335A37-E620-432E-99D0-289C0ED4C5E1} = {13335A37-E620-432E-99D0-289C0ED4C5E1}
	EndProjectSection
EndProject
Project("{9A19103F-16F7-4668-BE54-9A1E7A4F7556}") = "BOL_BussinesObjectLayer", "..\BOL(BussinesObjectLayes\BOL_BussinesObjectLayer.csproj", "{9718C048-34A3-47C3-A8AB-CE4F413A6F26}"
EndProject
Project("{2150E333-8FDC-42A3-9474-1A3956D46DE8}") = "Elementy rozwiązania", "Elementy rozwiązania", "{01C9B8DC-568E-4015-B7A6-56166D42D824}"
	ProjectSection(SolutionItems) = preProject
		Startup.cs = Startup.cs
		Web.config = Web.config
	EndProjectSection
EndProject
Project("{9A19103F-16F7-4668-BE54-9A1E7A4F7556}") = "Tests_xUnit", "..\Projekt_xUnit\Tests_xUnit.csproj", "{BAAB0583-974B-4A50-927A-3EDC84C97DFE}"
	ProjectSection(ProjectDependencies) = postProject
		{13335A37-E620-432E-99D0-289C0ED4C5E1} = {13335A37-E620-432E-99D0-289C0ED4C5E1}
	EndProjectSection
EndProject
Project("{9A19103F-16F7-4668-BE54-9A1E7A4F7556}") = "DAL_Interfaces", "..\DAL_Interfaces\DAL_Interfaces.csproj", "{13335A37-E620-432E-99D0-289C0ED4C5E1}"
	ProjectSection(ProjectDependencies) = postProject
		{9718C048-34A3-47C3-A8AB-CE4F413A6F26} = {9718C048-34A3-47C3-A8AB-CE4F413A6F26}
	EndProjectSection
EndProject
Project("{9A19103F-16F7-4668-BE54-9A1E7A4F7556}") = "API", "..\API\API.csproj", "{7C76B4BC-6299-4D39-B563-38696D42E2E6}"
	ProjectSection(ProjectDependencies) = postProject
		{13335A37-E620-432E-99D0-289C0ED4C5E1} = {13335A37-E620-432E-99D0-289C0ED4C5E1}
		{37683526-B9D5-49A1-BD7D-A4606D77861E} = {37683526-B9D5-49A1-BD7D-A4606D77861E}
		{9718C048-34A3-47C3-A8AB-CE4F413A6F26} = {9718C048-34A3-47C3-A8AB-CE4F413A6F26}
		{E8BCF60C-E96E-45C9-906C-9CE5BBCD7FF6} = {E8BCF60C-E96E-45C9-906C-9CE5BBCD7FF6}
	EndProjectSection
EndProject
Project("{9A19103F-16F7-4668-BE54-9A1E7A4F7556}") = "NurFurDiscoverer", "NurFurDiscoverer\NurFurDiscoverer.csproj", "{34312FEE-53C5-4FF4-BC0E-E6259CC8ACEB}"
EndProject
Global
	GlobalSection(SolutionConfigurationPlatforms) = preSolution
		Debug|Any CPU = Debug|Any CPU
		Release|Any CPU = Release|Any CPU
	EndGlobalSection
	GlobalSection(ProjectConfigurationPlatforms) = postSolution
		{E8BCF60C-E96E-45C9-906C-9CE5BBCD7FF6}.Debug|Any CPU.ActiveCfg = Debug|Any CPU
		{E8BCF60C-E96E-45C9-906C-9CE5BBCD7FF6}.Debug|Any CPU.Build.0 = Debug|Any CPU
		{E8BCF60C-E96E-45C9-906C-9CE5BBCD7FF6}.Release|Any CPU.ActiveCfg = Release|Any CPU
		{E8BCF60C-E96E-45C9-906C-9CE5BBCD7FF6}.Release|Any CPU.Build.0 = Release|Any CPU
		{37683526-B9D5-49A1-BD7D-A4606D77861E}.Debug|Any CPU.ActiveCfg = Debug|Any CPU
		{37683526-B9D5-49A1-BD7D-A4606D77861E}.Debug|Any CPU.Build.0 = Debug|Any CPU
		{37683526-B9D5-49A1-BD7D-A4606D77861E}.Release|Any CPU.ActiveCfg = Release|Any CPU
		{37683526-B9D5-49A1-BD7D-A4606D77861E}.Release|Any CPU.Build.0 = Release|Any CPU
		{9718C048-34A3-47C3-A8AB-CE4F413A6F26}.Debug|Any CPU.ActiveCfg = Debug|Any CPU
		{9718C048-34A3-47C3-A8AB-CE4F413A6F26}.Debug|Any CPU.Build.0 = Debug|Any CPU
		{9718C048-34A3-47C3-A8AB-CE4F413A6F26}.Release|Any CPU.ActiveCfg = Release|Any CPU
		{9718C048-34A3-47C3-A8AB-CE4F413A6F26}.Release|Any CPU.Build.0 = Release|Any CPU
		{BAAB0583-974B-4A50-927A-3EDC84C97DFE}.Debug|Any CPU.ActiveCfg = Debug|Any CPU
		{BAAB0583-974B-4A50-927A-3EDC84C97DFE}.Debug|Any CPU.Build.0 = Debug|Any CPU
		{BAAB0583-974B-4A50-927A-3EDC84C97DFE}.Release|Any CPU.ActiveCfg = Release|Any CPU
		{BAAB0583-974B-4A50-927A-3EDC84C97DFE}.Release|Any CPU.Build.0 = Release|Any CPU
		{13335A37-E620-432E-99D0-289C0ED4C5E1}.Debug|Any CPU.ActiveCfg = Debug|Any CPU
		{13335A37-E620-432E-99D0-289C0ED4C5E1}.Debug|Any CPU.Build.0 = Debug|Any CPU
		{13335A37-E620-432E-99D0-289C0ED4C5E1}.Release|Any CPU.ActiveCfg = Release|Any CPU
		{13335A37-E620-432E-99D0-289C0ED4C5E1}.Release|Any CPU.Build.0 = Release|Any CPU
		{7C76B4BC-6299-4D39-B563-38696D42E2E6}.Debug|Any CPU.ActiveCfg = Debug|Any CPU
		{7C76B4BC-6299-4D39-B563-38696D42E2E6}.Debug|Any CPU.Build.0 = Debug|Any CPU
		{7C76B4BC-6299-4D39-B563-38696D42E2E6}.Release|Any CPU.ActiveCfg = Release|Any CPU
		{7C76B4BC-6299-4D39-B563-38696D42E2E6}.Release|Any CPU.Build.0 = Release|Any CPU
		{34312FEE-53C5-4FF4-BC0E-E6259CC8ACEB}.Debug|Any CPU.ActiveCfg = Debug|Any CPU
		{34312FEE-53C5-4FF4-BC0E-E6259CC8ACEB}.Debug|Any CPU.Build.0 = Debug|Any CPU
		{34312FEE-53C5-4FF4-BC0E-E6259CC8ACEB}.Release|Any CPU.ActiveCfg = Release|Any CPU
		{34312FEE-53C5-4FF4-BC0E-E6259CC8ACEB}.Release|Any CPU.Build.0 = Release|Any CPU
	EndGlobalSection
	GlobalSection(SolutionProperties) = preSolution
		HideSolutionNode = FALSE
	EndGlobalSection
	GlobalSection(ExtensibilityGlobals) = postSolution
		SolutionGuid = {C9B5A4A5-26BB-4B21-A5D8-6A27F03130AC}
	EndGlobalSection
EndGlobal
