
Microsoft Visual Studio Solution File, Format Version 12.00
# Visual Studio Version 17
VisualStudioVersion = 17.4.33110.190
MinimumVisualStudioVersion = 10.0.40219.1
Project("{9A19103F-16F7-4668-BE54-9A1E7A4F7556}") = "UI_Universe", "UI_Universe.csproj", "{686ADFE9-6A07-4F42-AF5D-F1E94C309BD2}"
EndProject
Project("{9A19103F-16F7-4668-BE54-9A1E7A4F7556}") = "BLL_BuisnessLogicLayer", "..\BuisnessLogicLayer\BLL_BuisnessLogicLayer.csproj", "{E8BCF60C-E96E-45C9-906C-9CE5BBCD7FF6}"
EndProject
Project("{9A19103F-16F7-4668-BE54-9A1E7A4F7556}") = "DAL_DataAccessLayer", "..\DataAccessLayer\DAL_DataAccessLayer.csproj", "{37683526-B9D5-49A1-BD7D-A4606D77861E}"
EndProject
Project("{9A19103F-16F7-4668-BE54-9A1E7A4F7556}") = "BOL_BussinesObjectLayer", "..\BOL(BussinesObjectLayes\BOL_BussinesObjectLayer.csproj", "{9718C048-34A3-47C3-A8AB-CE4F413A6F26}"
EndProject
Project("{2150E333-8FDC-42A3-9474-1A3956D46DE8}") = "Elementy rozwiązania", "Elementy rozwiązania", "{01C9B8DC-568E-4015-B7A6-56166D42D824}"
	ProjectSection(SolutionItems) = preProject
		Startup.cs = Startup.cs
		Web.config = Web.config
	EndProjectSection
EndProject
Project("{9A19103F-16F7-4668-BE54-9A1E7A4F7556}") = "TestingBLL", "..\TestingBLL\TestingBLL.csproj", "{0CD57FB6-3C32-43A7-A97A-2A4AD5F29A39}"
EndProject
Project("{FAE04EC0-301F-11D3-BF4B-00C04F79EFBC}") = "Projekt_xUnit", "..\Projekt_xUnit\Projekt_xUnit.csproj", "{BAAB0583-974B-4A50-927A-3EDC84C97DFE}"
EndProject
Global
	GlobalSection(SolutionConfigurationPlatforms) = preSolution
		Debug|Any CPU = Debug|Any CPU
		Release|Any CPU = Release|Any CPU
	EndGlobalSection
	GlobalSection(ProjectConfigurationPlatforms) = postSolution
		{686ADFE9-6A07-4F42-AF5D-F1E94C309BD2}.Debug|Any CPU.ActiveCfg = Debug|Any CPU
		{686ADFE9-6A07-4F42-AF5D-F1E94C309BD2}.Debug|Any CPU.Build.0 = Debug|Any CPU
		{686ADFE9-6A07-4F42-AF5D-F1E94C309BD2}.Release|Any CPU.ActiveCfg = Release|Any CPU
		{686ADFE9-6A07-4F42-AF5D-F1E94C309BD2}.Release|Any CPU.Build.0 = Release|Any CPU
		{E8BCF60C-E96E-45C9-906C-9CE5BBCD7FF6}.Debug|Any CPU.ActiveCfg = Debug|Any CPU
		{E8BCF60C-E96E-45C9-906C-9CE5BBCD7FF6}.Debug|Any CPU.Build.0 = Debug|Any CPU
		{E8BCF60C-E96E-45C9-906C-9CE5BBCD7FF6}.Release|Any CPU.ActiveCfg = Release|Any CPU
		{E8BCF60C-E96E-45C9-906C-9CE5BBCD7FF6}.Release|Any CPU.Build.0 = Release|Any CPU
		{37683526-B9D5-49A1-BD7D-A4606D77861E}.Debug|Any CPU.ActiveCfg = Debug|Any CPU
		{37683526-B9D5-49A1-BD7D-A4606D77861E}.Debug|Any CPU.Build.0 = Debug|Any CPU
		{37683526-B9D5-49A1-BD7D-A4606D77861E}.Release|Any CPU.ActiveCfg = Release|Any CPU
		{37683526-B9D5-49A1-BD7D-A4606D77861E}.Release|Any CPU.Build.0 = Release|Any CPU
		{9718C048-34A3-47C3-A8AB-CE4F413A6F26}.Debug|Any CPU.ActiveCfg = Debug|Any CPU
		{9718C048-34A3-47C3-A8AB-CE4F413A6F26}.Debug|Any CPU.Build.0 = Debug|Any CPU
		{9718C048-34A3-47C3-A8AB-CE4F413A6F26}.Release|Any CPU.ActiveCfg = Release|Any CPU
		{9718C048-34A3-47C3-A8AB-CE4F413A6F26}.Release|Any CPU.Build.0 = Release|Any CPU
		{0CD57FB6-3C32-43A7-A97A-2A4AD5F29A39}.Debug|Any CPU.ActiveCfg = Debug|Any CPU
		{0CD57FB6-3C32-43A7-A97A-2A4AD5F29A39}.Debug|Any CPU.Build.0 = Debug|Any CPU
		{0CD57FB6-3C32-43A7-A97A-2A4AD5F29A39}.Release|Any CPU.ActiveCfg = Release|Any CPU
		{0CD57FB6-3C32-43A7-A97A-2A4AD5F29A39}.Release|Any CPU.Build.0 = Release|Any CPU
		{BAAB0583-974B-4A50-927A-3EDC84C97DFE}.Debug|Any CPU.ActiveCfg = Debug|Any CPU
		{BAAB0583-974B-4A50-927A-3EDC84C97DFE}.Debug|Any CPU.Build.0 = Debug|Any CPU
		{BAAB0583-974B-4A50-927A-3EDC84C97DFE}.Release|Any CPU.ActiveCfg = Release|Any CPU
		{BAAB0583-974B-4A50-927A-3EDC84C97DFE}.Release|Any CPU.Build.0 = Release|Any CPU
	EndGlobalSection
	GlobalSection(SolutionProperties) = preSolution
		HideSolutionNode = FALSE
	EndGlobalSection
	GlobalSection(ExtensibilityGlobals) = postSolution
		SolutionGuid = {C9B5A4A5-26BB-4B21-A5D8-6A27F03130AC}
	EndGlobalSection
EndGlobal
